
Microsoft Visual Studio Solution File, Format Version 12.00
# Visual Studio Version 17
VisualStudioVersion = 17.5.33627.172
MinimumVisualStudioVersion = 10.0.40219.1
Project("{FAE04EC0-301F-11D3-BF4B-00C04F79EFBC}") = "ExercicioDeFixacao_Aula242", "ExercicioDeFixacao_Aula242.csproj", "{DCC6F7FB-CB73-46BF-8EEF-7F285DDF9EFD}"
EndProject
Global
	GlobalSection(SolutionConfigurationPlatforms) = preSolution
		Debug|Any CPU = Debug|Any CPU
		Release|Any CPU = Release|Any CPU
	EndGlobalSection
	GlobalSection(ProjectConfigurationPlatforms) = postSolution
		{DCC6F7FB-CB73-46BF-8EEF-7F285DDF9EFD}.Debug|Any CPU.ActiveCfg = Debug|Any CPU
		{DCC6F7FB-CB73-46BF-8EEF-7F285DDF9EFD}.Debug|Any CPU.Build.0 = Debug|Any CPU
		{DCC6F7FB-CB73-46BF-8EEF-7F285DDF9EFD}.Release|Any CPU.ActiveCfg = Release|Any CPU
		{DCC6F7FB-CB73-46BF-8EEF-7F285DDF9EFD}.Release|Any CPU.Build.0 = Release|Any CPU
	EndGlobalSection
	GlobalSection(SolutionProperties) = preSolution
		HideSolutionNode = FALSE
	EndGlobalSection
	GlobalSection(ExtensibilityGlobals) = postSolution
		SolutionGuid = {C93ACE2B-C144-4EC4-9F1E-F2690F6EBA8E}
	EndGlobalSection
EndGlobal
